github.com/davecgh/go-spew v1.1.1 h1:vj9j/u1bqnvCEfJOwUhtlOARqs3+rkHYY13jYWTU97c=
github.com/davecgh/go-spew v1.1.1/go.mod h1:J7Y8YcW2NihsgmVo/mv3lAwl/skON4iLHjSsI+c5H38=
github.com/ebitengine/purego v0.10.0 h1:QIw4xfpWT6GWTzaW5XEKy3HXoqrJGx1ijYHzTF0/ISU=
github.com/ebitengine/purego v0.10.0/go.mod h1:iIjxzd6CiRiOG0UyXP+V1+jWqUXVjPKLAI0mRfJZTmQ=
github.com/google/go-cmp v0.6.0 h1:ofyhxvXcZhMsU5ulbFiLKl/XBFqE1GSq7atu8tAmTRI=
github.com/google/go-cmp v0.6.0/go.mod h1:17dUlkBOakJ0+DkrSSNjCkIjxS6bF9zb3elmeNGIjoY=
github.com/miekg/dns v1.1.72 h1:vhmr+TF2A3tuoGNkLDFK9zi36F2LS+hKTRW0Uf8kbzI=
github.com/miekg/dns v1.1.72/go.mod h1:+EuEPhdHOsfk6Wk5TT2CzssZdqkmFhf8r+aVyDEToIs=
github.com/pmezard/go-difflib v1.0.0 h1:4DBwDE0NGyQoBHbLQYPwSUPoCMWR5BEzIk/f1lZbAQM=
github.com/pmezard/go-difflib v1.0.0/go.mod h1:iKH77koFhYxTK1pcRnkKkqfTogsbg7gZNVY4sRDYZ/4=
github.com/sagernet/cronet-go v0.0.0-20260827035833-86fb0a098143 h1:enYWnItVCLDNtk2NtVe7SVXXWZOXnqil0pxsIEY7x0E=
github.com/sagernet/cronet-go v0.0.0-20260827035833-86fb0a098143/go.mod h1:T/mwtrpC4JlWfScw73CmSBvHzIvc7BatQ1MhRr+cYNw=
github.com/sagernet/cronet-go/lib/android_386 v0.0.0-20260827035833-86fb0a098143 h1:j8eLMSyPJvl/nBsntXQcu+l7BB+QmR+PMeFUvXxTVlA=
github.com/sagernet/cronet-go/lib/android_386 v0.0.0-20260827035833-86fb0a098143/go.mod h1:XXDwdjX/T8xftoeJxQmbBoYXZp8MAPFR2CwbFuTpEtw=
github.com/sagernet/cronet-go/lib/android_amd64 v0.0.0-20260827035833-86fb0a098143 h1:wRW/E7ULvcAZUwLzE5D0SMlNH6ird5dAhOUxJWOX9Gs=
github.com/sagernet/cronet-go/lib/android_amd64 v0.0.0-20260827035833-86fb0a098143/go.mod h1:iNiUGoLtnr8/JTuVNj7XJbmpOAp2C6+B81KDrPxwaZM=
github.com/sagernet/cronet-go/lib/android_arm v0.0.0-20260827035833-86fb0a098143 h1:I4ZGb8VZOhM1LPddpeRgEiWHwIxnf4qjqlEV/Z02Oak=
github.com/sagernet/cronet-go/lib/android_arm v0.0.0-20260827035833-86fb0a098143/go.mod h1:19ILNUOGIzRdOqa2mq+iY0JoHxuieB7/lnjYeaA2vEc=
github.com/sagernet/cronet-go/lib/android_arm64 v0.0.0-20260827035833-86fb0a098143 h1:xrGNubjds//+cIy7ETClikH7txpp0YWFSXrEMxpnkSM=
github.com/sagernet/cronet-go/lib/android_arm64 v0.0.0-20260827035833-86fb0a098143/go.mod h1:JxzGyQf94Cr6sBShKqODGDyRUlESfJK/Njcz9Lz6qMQ=
github.com/sagernet/cronet-go/lib/darwin_amd64 v0.0.0-20260827035833-86fb0a098143 h1:NWZ6liKY78P/suxdnc/SS0yEUGEFdWpdJC6CtPchLhQ=
github.com/sagernet/cronet-go/lib/darwin_amd64 v0.0.0-20260827035833-86fb0a098143/go.mod h1:KN+9T9TBycGOLzmKU4QdcHAJEj6Nlx48ifnlTvvHMvs=
github.com/sagernet/cronet-go/lib/darwin_arm64 v0.0.0-20260827035833-86fb0a098143 h1:qI30mU0vMUXs0JvOWY2FkbbvKA6xPPLa4s+rbQ/G7rc=
github.com/sagernet/cronet-go/lib/darwin_arm64 v0.0.0-20260827035833-86fb0a098143/go.mod h1:kojvtUc29KKnk8hs2QIANynVR59921SnGWA9kXohHc0=
github.com/sagernet/cronet-go/lib/ios_amd64_simulator v0.0.0-20260827035833-86fb0a098143 h1:c5JJpksq4QyXZDhpVdC/qr8dO+40Zk+P6f4WiUfAfhE=
github.com/sagernet/cronet-go/lib/ios_amd64_simulator v0.0.0-20260827035833-86fb0a098143/go.mod h1:hkQzRE5GDbaH1/ioqYh0Taho4L6i0yLRCVEZ5xHz5M0=
github.com/sagernet/cronet-go/lib/ios_arm64 v0.0.0-20260827035833-86fb0a098143 h1:rHprJ22z56g8KNi/KpEBQkOF72joc5/CIYnEBEl7GJw=
github.com/sagernet/cronet-go/lib/ios_arm64 v0.0.0-20260827035833-86fb0a098143/go.mod h1:tzVJFTOm66UxLxy6K0ZN5Ic2PC79e+sKKnt+V9puEa4=
github.com/sagernet/cronet-go/lib/ios_arm64_simulator v0.0.0-20260827035833-86fb0a098143 h1:+bWSurg+5HiK3at8C8EGEFQIB0EcY+R7mm9HPgnB37k=
github.com/sagernet/cronet-go/lib/ios_arm64_simulator v0.0.0-20260827035833-86fb0a098143/go.mod h1:M/pN6m3j0HFU6/y83n0HU6GLYys3tYdr/xTE8hVEGMo=
github.com/sagernet/cronet-go/lib/linux_386 v0.0.0-20260827035833-86fb0a098143 h1:4xf036ZQQahbwzrbYqsQQqEFdCuqOyrhVPYzIH9HUDQ=
github.com/sagernet/cronet-go/lib/linux_386 v0.0.0-20260827035833-86fb0a098143/go.mod h1:cGh5hO6eljCo6KMQ/Cel8Xgq4+etL0awZLRBDVG1EZQ=
github.com/sagernet/cronet-go/lib/linux_386_musl v0.0.0-20260827035833-86fb0a098143 h1:U4oU1ECx73V/5/16LJnsGmxMmb8OHDYo64md+VSZxhk=
github.com/sagernet/cronet-go/lib/linux_386_musl v0.0.0-20260827035833-86fb0a098143/go.mod h1:JFE0/cxaKkx0wqPMZU7MgaplQlU0zudv82dROJjClKU=
github.com/sagernet/cronet-go/lib/linux_amd64 v0.0.0-20260827035833-86fb0a098143 h1:284HG/1eGpwAXslLadCnmGPBNgquu02F6ZDFcLhXr9o=
github.com/sagernet/cronet-go/lib/linux_amd64 v0.0.0-20260827035833-86fb0a098143/go.mod h1:vU8VftFeSt7fURCa3JXD6+k6ss1YAX+idQjPvHmJ2tI=
github.com/sagernet/cronet-go/lib/linux_amd64_musl v0.0.0-20260827035833-86fb0a098143 h1:w5MeA42VBqWWEY6eBbVQ8gIr5BuWjEa6pXen/wNXUDI=
github.com/sagernet/cronet-go/lib/linux_amd64_musl v0.0.0-20260827035833-86fb0a098143/go.mod h1:vCe4OUuL+XOUge9v3MyTD45BnuAXiH+DkjN9quDXJzQ=
github.com/sagernet/cronet-go/lib/linux_arm v0.0.0-20260827035833-86fb0a098143 h1:iXNSeqp6Isav2R2l+eC8kT/+HjQkPblOmmYkq+st62o=
github.com/sagernet/cronet-go/lib/linux_arm v0.0.0-20260827035833-86fb0a098143/go.mod h1:w9amBWrvjtohQzBGCKJ7LCh22LhTIJs4sE7cYaKQzM0=
github.com/sagernet/cronet-go/lib/linux_arm64 v0.0.0-20260827035833-86fb0a098143 h1:fEjY1C9rqcBGNx3JIZL9Z4gpdBiip7AWjVRt1YnJFe0=
github.com/sagernet/cronet-go/lib/linux_arm64 v0.0.0-20260827035833-86fb0a098143/go.mod h1:TqlsFtcYS/etTeck46kHBeT8Le0Igw1Q/AV88UnMS3s=
github.com/sagernet/cronet-go/lib/linux_arm64_musl v0.0.0-20260827035833-86fb0a098143 h1:JTJyt0DKKYXcYZWQfkxkdxkdcFnrmSuAj8H8wFfEWcg=
github.com/sagernet/cronet-go/lib/linux_arm64_musl v0.0.0-20260827035833-86fb0a098143/go.mod h1:B6Qd0vys8sv9OKVRN6J9RqDzYRGE938Fb2zrYdBDyTQ=
github.com/sagernet/cronet-go/lib/linux_arm_musl v0.0.0-20260827035833-86fb0a098143 h1:8d28yZWm/Io2hDL2j3sSJDf/9V8AteIML7/VHAg2Op0=
github.com/sagernet/cronet-go/lib/linux_arm_musl v0.0.0-20260827035833-86fb0a098143/go.mod h1:3tXMMFY7AHugOVBZ5Al7cL7JKsnFOe5bMVr0hZPk3ow=
github.com/sagernet/cronet-go/lib/linux_loong64 v0.0.0-20260827035833-86fb0a098143 h1:i/m0dY+gWzmWaUVd75q6UtowqGzv/aJ5k7CL67Yxn0c=
github.com/sagernet/cronet-go/lib/linux_loong64 v0.0.0-20260827035833-86fb0a098143/go.mod h1:Wt5uFdU3tnmm8YzobYewwdF7Mt6SucRQg6xeTNWC3Tk=
github.com/sagernet/cronet-go/lib/linux_loong64_musl v0.0.0-20260827035833-86fb0a098143 h1:Hb9weFbsE/F0QoCI/DFfqxSovzA5wVd+m6+NOvqlf28=
github.com/sagernet/cronet-go/lib/linux_loong64_musl v0.0.0-20260827035833-86fb0a098143/go.mod h1:lyIF6wKBLwWa5ZXaAKbAoewewl+yCHo2iYev39Mbj4E=
github.com/sagernet/cronet-go/lib/linux_mips64le v0.0.0-20260827035833-86fb0a098143 h1:TXtPUBFGE1BTurOQmWuZ2LR1TnoApOCt+QkxzGBOgUM=
github.com/sagernet/cronet-go/lib/linux_mips64le v0.0.0-20260827035833-86fb0a098143/go.mod h1:H46PnSTTZNcZokLLiDeMDaHiS1l14PH3tzWi0eykjD8=
github.com/sagernet/cronet-go/lib/linux_mipsle v0.0.0-20260827035833-86fb0a098143 h1:bUXLxpQqYkIE4mLUMe6Zg+vjTqoZvrxiitWV6K2aZKk=
github.com/sagernet/cronet-go/lib/linux_mipsle v0.0.0-20260827035833-86fb0a098143/go.mod h1:RBhSUDAKWq7fswtV4nQUQhuaTLcX3ettR7teA7/yf2w=
github.com/sagernet/cronet-go/lib/linux_mipsle_musl v0.0.0-20260827035833-86fb0a098143 h1:3ZIpyNU4ejJMkL7otF90RP7VDOXDzieb5B6lVxilv84=
github.com/sagernet/cronet-go/lib/linux_mipsle_musl v0.0.0-20260827035833-86fb0a098143/go.mod h1:wRzoIOGG4xbpp3Gh3triLKwMwYriScXzFtunLYhY4w0=
github.com/sagernet/cronet-go/lib/linux_riscv64 v0.0.0-20260827035833-86fb0a098143 h1:ezLRfqdOALlD5fIEaldC621/Vw9A3CnApwwjvV2wNjo=
github.com/sagernet/cronet-go/lib/linux_riscv64 v0.0.0-20260827035833-86fb0a098143/go.mod h1:LNiZXmWil1OPwKCheqQjtakZlJuKGFz+iv2eGF76Hhs=
github.com/sagernet/cronet-go/lib/linux_riscv64_musl v0.0.0-20260827035833-86fb0a098143 h1:JusAUwjuJzQ1v2Y3cMSSXo3xo05gTgV9LjuS+/CNlhA=
github.com/sagernet/cronet-go/lib/linux_riscv64_musl v0.0.0-20260827035833-86fb0a098143/go.mod h1:YFDGKTkpkJGc5+hnX/RYosZyTWg9h+68VB55fYRRLYc=
github.com/sagernet/cronet-go/lib/tvos_amd64_simulator v0.0.0-20260827035833-86fb0a098143 h1:sDZDysEsJcImM0NGHDL/5wNipxDXpStV0j2lgXqlE8w=
github.com/sagernet/cronet-go/lib/tvos_amd64_simulator v0.0.0-20260827035833-86fb0a098143/go.mod h1:aaX0YGl8nhGmfRWI8bc3BtDjY8Vzx6O0cS/e1uqxDq4=
github.com/sagernet/cronet-go/lib/tvos_arm64 v0.0.0-20260827035833-86fb0a098143 h1:AIE31c8PPNoPBVS36FUuVneSkgO4xi6Svr6RUrYH3RM=
github.com/sagernet/cronet-go/lib/tvos_arm64 v0.0.0-20260827035833-86fb0a098143/go.mod h1:EdzMKA96xITc42QEI+ct4SwqX8Dn3ltKK8wzdkLWpSc=
github.com/sagernet/cronet-go/lib/tvos_arm64_simulator v0.0.0-20260827035833-86fb0a098143 h1:HPeN5bV5nyPR++Y+/5CAM26QWgXWUGIeRe4SAoOJzAA=
github.com/sagernet/cronet-go/lib/tvos_arm64_simulator v0.0.0-20260827035833-86fb0a098143/go.mod h1:qix4kv1TTAJ5tY4lJ9vjhe9EY4mM+B7H5giOhbxDVcc=
github.com/sagernet/cronet-go/lib/windows_amd64 v0.0.0-20260827035833-86fb0a098143 h1:1v5NnkHEz9EopOfjstZ4dieeu92pMMoQKSpTzHQ8x+k=
github.com/sagernet/cronet-go/lib/windows_amd64 v0.0.0-20260827035833-86fb0a098143/go.mod h1:lm9w/oCCRyBiUa3G8lDQTT8x/ONUvgVR2iV9fVzUZB8=
github.com/sagernet/cronet-go/lib/windows_arm64 v0.0.0-20260827035833-86fb0a098143 h1:8Xl6y/Sn4M7sFzHS8fZqcaM4nys6O6TYY5So+nqUbcg=
github.com/sagernet/cronet-go/lib/windows_arm64 v0.0.0-20260827035833-86fb0a098143/go.mod h1:n34YyLgapgjWdKa0IoeczjAFCwD3/dxbsH5sucKw0bw=
github.com/sagernet/sing v0.8.9 h1:iX8FyMrWNl/divVgTe7cLT9n36v6bfzfnCYlcM1cLaU=
github.com/sagernet/sing v0.8.9/go.mod h1:ARkL0gM13/Iv5VCZmci/NuoOlePoIsW0m7BWfln/Hak=
github.com/stretchr/testify v1.9.0 h1:HtqpIVDClZ4nwg75+f6Lvsy/wHu+3BoSGCbBAcpTsTg=
github.com/stretchr/testify v1.9.0/go.mod h1:r2ic/lqez/lEtzL7wO/rwa5dbSLXVDPFyf8C91i36aY=
golang.org/x/mod v0.31.0 h1:HaW9xtz0+kOcWKwli0ZXy79Ix+UW/vOfmWI5QVd2tgI=
golang.org/x/mod v0.31.0/go.mod h1:43JraMp9cGx1Rx3AqioxrbrhNsLl2l/iNAvuBkrezpg=
golang.org/x/net v0.48.0 h1:zyQRTTrjc33Lhh0fBgT/H3oZq9WuvRR5gPC70xpDiQU=
golang.org/x/net v0.48.0/go.mod h1:+ndRgGjkh8FGtu1w1FGbEC31if4VrNVMuKTgcAAnQRY=
golang.org/x/sync v0.19.0 h1:vV+1eWNmZ5geRlYjzm2adRgW2/mcpevXNg50YZtPCE4=
golang.org/x/sync v0.19.0/go.mod h1:9KTHXmSnoGruLpwFjVSX0lNNA75CykiMECbovNTZqGI=
golang.org/x/sys v0.39.0 h1:CvCKL8MeisomCi6qNZ+wbb0DN9E5AATixKsvNtMoMFk=
golang.org/x/sys v0.39.0/go.mod h1:OgkHotnGiDImocRcuBABYBEXf8A9a87e/uXjp9XT3ks=
golang.org/x/tools v0.40.0 h1:yLkxfA+Qnul4cs9QA3KnlFu0lVmd8JJfoq+E41uSutA=
golang.org/x/tools v0.40.0/go.mod h1:Ik/tzLRlbscWpqqMRjyWYDisX8bG13FrdXp3o4Sr9lc=
gopkg.in/yaml.v3 v3.0.1 h1:fxVm/GzAzEWqLHuvctI91KS9hhNmmWOoWu0XTYJS7CA=
gopkg.in/yaml.v3 v3.0.1/go.mod h1:K4uyk7z7BCEPqu6E+C64Yfv1cQ7kz7rIZviUmN+EgEM=
