github.com/davecgh/go-spew v1.1.1 h1:vj9j/u1bqnvCEfJOwUhtlOARqs3+rkHYY13jYWTU97c=
github.com/ebitengine/purego v0.9.1 h1:a/k2f2HQU3Pi399RPW1MOaZyhKJL9w/xFpKAg4q1s0A=
github.com/ebitengine/purego v0.9.1/go.mod h1:iIjxzd6CiRiOG0UyXP+V1+jWqUXVjPKLAI0mRfJZTmQ=
github.com/pmezard/go-difflib v1.0.0 h1:4DBwDE0NGyQoBHbLQYPwSUPoCMWR5BEzIk/f1lZbAQM=
github.com/sagernet/cronet-go v0.0.0-20251212063103-3d19ad9a9fa9 h1:mSKNI5vvxPgpJEgNsg/eQ9FpTrpKiDhE2JiVgZUPHuQ=
github.com/sagernet/cronet-go v0.0.0-20251212063103-3d19ad9a9fa9/go.mod h1:DzcRxPQdpy5y2bbabpFXotAzPfY2P4HKZ8rQj3dSClo=
github.com/sagernet/cronet-go/lib/android_386 v0.0.0-20251212063103-3d19ad9a9fa9 h1:NwaOvQckYDgoJjuVR3yhTGnzRm1z57uFVyFsdanAkGM=
github.com/sagernet/cronet-go/lib/android_386 v0.0.0-20251212063103-3d19ad9a9fa9/go.mod h1:XXDwdjX/T8xftoeJxQmbBoYXZp8MAPFR2CwbFuTpEtw=
github.com/sagernet/cronet-go/lib/android_amd64 v0.0.0-20251212063103-3d19ad9a9fa9 h1:zEcQI7GnFYcEOuBV3m0Pw57xpFy6MuZYP89yWSW2w8U=
github.com/sagernet/cronet-go/lib/android_amd64 v0.0.0-20251212063103-3d19ad9a9fa9/go.mod h1:iNiUGoLtnr8/JTuVNj7XJbmpOAp2C6+B81KDrPxwaZM=
github.com/sagernet/cronet-go/lib/android_arm v0.0.0-20251212063103-3d19ad9a9fa9 h1:MgjgLM4wxxORKX9k3F4YZOYc8qBEiv0aNka+K7RxJ+E=
github.com/sagernet/cronet-go/lib/android_arm v0.0.0-20251212063103-3d19ad9a9fa9/go.mod h1:19ILNUOGIzRdOqa2mq+iY0JoHxuieB7/lnjYeaA2vEc=
github.com/sagernet/cronet-go/lib/android_arm64 v0.0.0-20251212063103-3d19ad9a9fa9 h1:zSnmI2fvFnfAfoVhbSALwVDegohU0drzhk624OdUgCI=
github.com/sagernet/cronet-go/lib/android_arm64 v0.0.0-20251212063103-3d19ad9a9fa9/go.mod h1:JxzGyQf94Cr6sBShKqODGDyRUlESfJK/Njcz9Lz6qMQ=
github.com/sagernet/cronet-go/lib/darwin_amd64 v0.0.0-20251212063103-3d19ad9a9fa9 h1:wouRxYWEgPCG9htfLca0SJBk3iTA/TFXpJnCMHUBi7s=
github.com/sagernet/cronet-go/lib/darwin_amd64 v0.0.0-20251212063103-3d19ad9a9fa9/go.mod h1:KN+9T9TBycGOLzmKU4QdcHAJEj6Nlx48ifnlTvvHMvs=
github.com/sagernet/cronet-go/lib/darwin_arm64 v0.0.0-20251212063103-3d19ad9a9fa9 h1:39Q0rIMpdXM+V0Jg1Hvt3IQq/nePvAbC1WE9ALFCe6E=
github.com/sagernet/cronet-go/lib/darwin_arm64 v0.0.0-20251212063103-3d19ad9a9fa9/go.mod h1:kojvtUc29KKnk8hs2QIANynVR59921SnGWA9kXohHc0=
github.com/sagernet/cronet-go/lib/ios_arm64 v0.0.0-20251212063103-3d19ad9a9fa9 h1:GFAGSdPuCoQTM5baQspaTSA1l+ZmiCS+vlYWnSr9ZbY=
github.com/sagernet/cronet-go/lib/ios_arm64 v0.0.0-20251212063103-3d19ad9a9fa9/go.mod h1:tzVJFTOm66UxLxy6K0ZN5Ic2PC79e+sKKnt+V9puEa4=
github.com/sagernet/cronet-go/lib/linux_386 v0.0.0-20251212063103-3d19ad9a9fa9 h1:hQVAbtx+9u0Nj2C5ahtj6hJB0B17+DAQGki4tTuhzCc=
github.com/sagernet/cronet-go/lib/linux_386 v0.0.0-20251212063103-3d19ad9a9fa9/go.mod h1:cGh5hO6eljCo6KMQ/Cel8Xgq4+etL0awZLRBDVG1EZQ=
github.com/sagernet/cronet-go/lib/linux_386_musl v0.0.0-20251212063103-3d19ad9a9fa9 h1:OO3H17dm6umK66is4XXfz2qJopKpi9Tmp8dYjtNeXbU=
github.com/sagernet/cronet-go/lib/linux_386_musl v0.0.0-20251212063103-3d19ad9a9fa9/go.mod h1:JFE0/cxaKkx0wqPMZU7MgaplQlU0zudv82dROJjClKU=
github.com/sagernet/cronet-go/lib/linux_amd64 v0.0.0-20251212063103-3d19ad9a9fa9 h1:sQ9ADPz+f0Z1S1Pwo+k8Kren7fLoXP6c69coMZX+Jnw=
github.com/sagernet/cronet-go/lib/linux_amd64 v0.0.0-20251212063103-3d19ad9a9fa9/go.mod h1:vU8VftFeSt7fURCa3JXD6+k6ss1YAX+idQjPvHmJ2tI=
github.com/sagernet/cronet-go/lib/linux_amd64_musl v0.0.0-20251212063103-3d19ad9a9fa9 h1:91eMRHO9vphE7fP4HP0k2yEUGn58iJBmp6nOKg71n7E=
github.com/sagernet/cronet-go/lib/linux_amd64_musl v0.0.0-20251212063103-3d19ad9a9fa9/go.mod h1:vCe4OUuL+XOUge9v3MyTD45BnuAXiH+DkjN9quDXJzQ=
github.com/sagernet/cronet-go/lib/linux_arm v0.0.0-20251212063103-3d19ad9a9fa9 h1:8WXuukbCC7SR9SlQwnPlbSiWXHBDWqwO3tk9amOetEs=
github.com/sagernet/cronet-go/lib/linux_arm v0.0.0-20251212063103-3d19ad9a9fa9/go.mod h1:w9amBWrvjtohQzBGCKJ7LCh22LhTIJs4sE7cYaKQzM0=
github.com/sagernet/cronet-go/lib/linux_arm64 v0.0.0-20251212063103-3d19ad9a9fa9 h1:Q6kS4CIMX+q/TRrlmF+5hAa72/BzzY72w7MzEEhX/B4=
github.com/sagernet/cronet-go/lib/linux_arm64 v0.0.0-20251212063103-3d19ad9a9fa9/go.mod h1:TqlsFtcYS/etTeck46kHBeT8Le0Igw1Q/AV88UnMS3s=
github.com/sagernet/cronet-go/lib/linux_arm64_musl v0.0.0-20251212063103-3d19ad9a9fa9 h1:Ns4QErGSCcwTsjE8vmNniI97DniCn7WYLBrOhy+Fo+U=
github.com/sagernet/cronet-go/lib/linux_arm64_musl v0.0.0-20251212063103-3d19ad9a9fa9/go.mod h1:B6Qd0vys8sv9OKVRN6J9RqDzYRGE938Fb2zrYdBDyTQ=
github.com/sagernet/cronet-go/lib/linux_arm_musl v0.0.0-20251212063103-3d19ad9a9fa9 h1:p+yJUBLjTFVQnZ26lfSC5AVELjLJBYnv8ZI+e45UCy4=
github.com/sagernet/cronet-go/lib/linux_arm_musl v0.0.0-20251212063103-3d19ad9a9fa9/go.mod h1:3tXMMFY7AHugOVBZ5Al7cL7JKsnFOe5bMVr0hZPk3ow=
github.com/sagernet/cronet-go/lib/windows_386 v0.0.0-20251212063103-3d19ad9a9fa9 h1:gLuOaDsQvr8ysp2RKicORr7t5WAIuZw5wopdkkuG/FY=
github.com/sagernet/cronet-go/lib/windows_386 v0.0.0-20251212063103-3d19ad9a9fa9/go.mod h1:rnS7D+ULJX2PrP0Cy+05GS0mRZ2PP6+gVSroZKt8fjk=
github.com/sagernet/cronet-go/lib/windows_amd64 v0.0.0-20251212063103-3d19ad9a9fa9 h1:bW+PZfMgbXMzQnZI89ab70UBp75/RZHpZHlTNG/xHNw=
github.com/sagernet/cronet-go/lib/windows_amd64 v0.0.0-20251212063103-3d19ad9a9fa9/go.mod h1:lm9w/oCCRyBiUa3G8lDQTT8x/ONUvgVR2iV9fVzUZB8=
github.com/sagernet/cronet-go/lib/windows_arm64 v0.0.0-20251212063103-3d19ad9a9fa9 h1:tdYCDZi7xjom9aZIxCyRrncHLHhLMScxsWSWKfVdlys=
github.com/sagernet/cronet-go/lib/windows_arm64 v0.0.0-20251212063103-3d19ad9a9fa9/go.mod h1:n34YyLgapgjWdKa0IoeczjAFCwD3/dxbsH5sucKw0bw=
github.com/sagernet/sing v0.7.13 h1:XNYgd8e3cxMULs/LLJspdn/deHrnPWyrrglNHeCUAYM=
github.com/sagernet/sing v0.7.13/go.mod h1:ARkL0gM13/Iv5VCZmci/NuoOlePoIsW0m7BWfln/Hak=
github.com/stretchr/testify v1.9.0 h1:HtqpIVDClZ4nwg75+f6Lvsy/wHu+3BoSGCbBAcpTsTg=
golang.org/x/sys v0.21.0 h1:rF+pYz3DAGSQAxAu1CbC7catZg4ebC4UIeIhKxBZvws=
golang.org/x/sys v0.21.0/go.mod h1:/VUhepiaJMQUp4+oa/7Zr1D23ma6VTLIYjOOTFZPUcA=
gopkg.in/yaml.v3 v3.0.1 h1:fxVm/GzAzEWqLHuvctI91KS9hhNmmWOoWu0XTYJS7CA=
