github.com/davecgh/go-spew v1.1.1 h1:vj9j/u1bqnvCEfJOwUhtlOARqs3+rkHYY13jYWTU97c=
github.com/ebitengine/purego v0.9.1 h1:a/k2f2HQU3Pi399RPW1MOaZyhKJL9w/xFpKAg4q1s0A=
github.com/ebitengine/purego v0.9.1/go.mod h1:iIjxzd6CiRiOG0UyXP+V1+jWqUXVjPKLAI0mRfJZTmQ=
github.com/miekg/dns v1.1.50 h1:DQUfb9uc6smULcREF09Uc+/Gd46YWqJd5DbpPE9xkcA=
github.com/miekg/dns v1.1.50/go.mod h1:e3IlAVfNqAllflbibAZEWOXOQ+Ynzk/dDozDxY7XnME=
github.com/pmezard/go-difflib v1.0.0 h1:4DBwDE0NGyQoBHbLQYPwSUPoCMWR5BEzIk/f1lZbAQM=
github.com/sagernet/cronet-go v0.0.0-20260227112350-bf468eec914d h1:JVDqP88Kv3UpSRQnvCFNyvQdDPlmVV4ivAxzPSF+3F4=
github.com/sagernet/cronet-go v0.0.0-20260227112350-bf468eec914d/go.mod h1:hwFHBEjjthyEquDULbr4c4ucMedp8Drb6Jvm2kt/0Bw=
github.com/sagernet/cronet-go/lib/android_386 v0.0.0-20260227112350-bf468eec914d h1:tudlBYdQHIWctKIdf7pceBOFIUIISK6yFivwsxhxDk0=
github.com/sagernet/cronet-go/lib/android_386 v0.0.0-20260227112350-bf468eec914d/go.mod h1:XXDwdjX/T8xftoeJxQmbBoYXZp8MAPFR2CwbFuTpEtw=
github.com/sagernet/cronet-go/lib/android_amd64 v0.0.0-20260227112350-bf468eec914d h1:F5EsQlIknj0HlExBFR4EXW69dYj0MpK1HCpKhL/weEs=
github.com/sagernet/cronet-go/lib/android_amd64 v0.0.0-20260227112350-bf468eec914d/go.mod h1:iNiUGoLtnr8/JTuVNj7XJbmpOAp2C6+B81KDrPxwaZM=
github.com/sagernet/cronet-go/lib/android_arm v0.0.0-20260227112350-bf468eec914d h1:9SQ6I2Y2radd6RyWEfV+9s1Q9Kth54B6gBHuJWNzQas=
github.com/sagernet/cronet-go/lib/android_arm v0.0.0-20260227112350-bf468eec914d/go.mod h1:19ILNUOGIzRdOqa2mq+iY0JoHxuieB7/lnjYeaA2vEc=
github.com/sagernet/cronet-go/lib/android_arm64 v0.0.0-20260227112350-bf468eec914d h1:+XoeknBi6+s6epDAS3BkEsp5zGqEJsT9L8JEcaq+0nE=
github.com/sagernet/cronet-go/lib/android_arm64 v0.0.0-20260227112350-bf468eec914d/go.mod h1:JxzGyQf94Cr6sBShKqODGDyRUlESfJK/Njcz9Lz6qMQ=
github.com/sagernet/cronet-go/lib/darwin_amd64 v0.0.0-20260227112350-bf468eec914d h1:poqfhHJAg+7BtABn4cue7V4y8Kb2eZ1Cy0j+bhDangw=
github.com/sagernet/cronet-go/lib/darwin_amd64 v0.0.0-20260227112350-bf468eec914d/go.mod h1:KN+9T9TBycGOLzmKU4QdcHAJEj6Nlx48ifnlTvvHMvs=
github.com/sagernet/cronet-go/lib/darwin_arm64 v0.0.0-20260227112350-bf468eec914d h1:nH6rtfqWbui9zQPjd18cpvZncGvn21UcVLtmeUoQKXs=
github.com/sagernet/cronet-go/lib/darwin_arm64 v0.0.0-20260227112350-bf468eec914d/go.mod h1:kojvtUc29KKnk8hs2QIANynVR59921SnGWA9kXohHc0=
github.com/sagernet/cronet-go/lib/ios_amd64_simulator v0.0.0-20260227112350-bf468eec914d h1:HtnjWZzSQBaP29XJ5NoIps1TVZ7DUC7R0NH7IyhJ5Ag=
github.com/sagernet/cronet-go/lib/ios_amd64_simulator v0.0.0-20260227112350-bf468eec914d/go.mod h1:hkQzRE5GDbaH1/ioqYh0Taho4L6i0yLRCVEZ5xHz5M0=
github.com/sagernet/cronet-go/lib/ios_arm64 v0.0.0-20260227112350-bf468eec914d h1:E2DWx0Agrj8Fi745S+otYW+W0rL2I8+Z2rZCFqGYPvQ=
github.com/sagernet/cronet-go/lib/ios_arm64 v0.0.0-20260227112350-bf468eec914d/go.mod h1:tzVJFTOm66UxLxy6K0ZN5Ic2PC79e+sKKnt+V9puEa4=
github.com/sagernet/cronet-go/lib/ios_arm64_simulator v0.0.0-20260227112350-bf468eec914d h1:j7f/rBwPlO1RpFQeM35QVHymVXGVo6d8WTz4i4SjcPo=
github.com/sagernet/cronet-go/lib/ios_arm64_simulator v0.0.0-20260227112350-bf468eec914d/go.mod h1:M/pN6m3j0HFU6/y83n0HU6GLYys3tYdr/xTE8hVEGMo=
github.com/sagernet/cronet-go/lib/linux_386 v0.0.0-20260227112350-bf468eec914d h1:hz8kkcHGMe7QBTpbqkaw89ZFsfX+UN5F5RIDrroDkx8=
github.com/sagernet/cronet-go/lib/linux_386 v0.0.0-20260227112350-bf468eec914d/go.mod h1:cGh5hO6eljCo6KMQ/Cel8Xgq4+etL0awZLRBDVG1EZQ=
github.com/sagernet/cronet-go/lib/linux_386_musl v0.0.0-20260227112350-bf468eec914d h1:TNFaO19ySEyqG79j5+dYb+w4ivusrTXanWuogmC4VM0=
github.com/sagernet/cronet-go/lib/linux_386_musl v0.0.0-20260227112350-bf468eec914d/go.mod h1:JFE0/cxaKkx0wqPMZU7MgaplQlU0zudv82dROJjClKU=
github.com/sagernet/cronet-go/lib/linux_amd64 v0.0.0-20260227112350-bf468eec914d h1:Ewc/wR3yu/hOwG/p49nI9TwYmYv3Llm5DA6fSb1w8hY=
github.com/sagernet/cronet-go/lib/linux_amd64 v0.0.0-20260227112350-bf468eec914d/go.mod h1:vU8VftFeSt7fURCa3JXD6+k6ss1YAX+idQjPvHmJ2tI=
github.com/sagernet/cronet-go/lib/linux_amd64_musl v0.0.0-20260227112350-bf468eec914d h1:PJ24NkPNpMrLGNRdb6moEqJo8gfhYcIRZmQD8jPPCJk=
github.com/sagernet/cronet-go/lib/linux_amd64_musl v0.0.0-20260227112350-bf468eec914d/go.mod h1:vCe4OUuL+XOUge9v3MyTD45BnuAXiH+DkjN9quDXJzQ=
github.com/sagernet/cronet-go/lib/linux_arm v0.0.0-20260227112350-bf468eec914d h1:IaUghNA8cOmmwvzUPKPsfhiG0KmpWpE0mFZl85T5/Bw=
github.com/sagernet/cronet-go/lib/linux_arm v0.0.0-20260227112350-bf468eec914d/go.mod h1:w9amBWrvjtohQzBGCKJ7LCh22LhTIJs4sE7cYaKQzM0=
github.com/sagernet/cronet-go/lib/linux_arm64 v0.0.0-20260227112350-bf468eec914d h1:whbeDcr9dDWPr45Is9QV6OHAncrBWLJtPuo4uyEJFBg=
github.com/sagernet/cronet-go/lib/linux_arm64 v0.0.0-20260227112350-bf468eec914d/go.mod h1:TqlsFtcYS/etTeck46kHBeT8Le0Igw1Q/AV88UnMS3s=
github.com/sagernet/cronet-go/lib/linux_arm64_musl v0.0.0-20260227112350-bf468eec914d h1:ecHgaGMvikNYjsfULekdXjL/cQJXCS38yvHaKVMWtXc=
github.com/sagernet/cronet-go/lib/linux_arm64_musl v0.0.0-20260227112350-bf468eec914d/go.mod h1:B6Qd0vys8sv9OKVRN6J9RqDzYRGE938Fb2zrYdBDyTQ=
github.com/sagernet/cronet-go/lib/linux_arm_musl v0.0.0-20260227112350-bf468eec914d h1:no7Cb54+vv1bQ39zFp+JIHKO8Tu3sTwqz8SoOAuV/Ek=
github.com/sagernet/cronet-go/lib/linux_arm_musl v0.0.0-20260227112350-bf468eec914d/go.mod h1:3tXMMFY7AHugOVBZ5Al7cL7JKsnFOe5bMVr0hZPk3ow=
github.com/sagernet/cronet-go/lib/linux_loong64 v0.0.0-20260227112350-bf468eec914d h1:DqBSbam9KAzBgDInOoNy4K0baSJyxGWESxrDewU5aSs=
github.com/sagernet/cronet-go/lib/linux_loong64 v0.0.0-20260227112350-bf468eec914d/go.mod h1:Wt5uFdU3tnmm8YzobYewwdF7Mt6SucRQg6xeTNWC3Tk=
github.com/sagernet/cronet-go/lib/linux_loong64_musl v0.0.0-20260227112350-bf468eec914d h1:fOR5i+hRyjG8ZzPSG6URkoTKr5qYOJfxZ58zd8HBteM=
github.com/sagernet/cronet-go/lib/linux_loong64_musl v0.0.0-20260227112350-bf468eec914d/go.mod h1:lyIF6wKBLwWa5ZXaAKbAoewewl+yCHo2iYev39Mbj4E=
github.com/sagernet/cronet-go/lib/linux_mips64le v0.0.0-20260227112350-bf468eec914d h1:hEQGQI+PfUzYBVas4NWw8WiEUsATco6vwv+t4qTtgtw=
github.com/sagernet/cronet-go/lib/linux_mips64le v0.0.0-20260227112350-bf468eec914d/go.mod h1:H46PnSTTZNcZokLLiDeMDaHiS1l14PH3tzWi0eykjD8=
github.com/sagernet/cronet-go/lib/linux_mipsle v0.0.0-20260227112350-bf468eec914d h1:AzzJ5AtZlwTbU5QOSixZdPLTjzWKCun3AobQChKy0W8=
github.com/sagernet/cronet-go/lib/linux_mipsle v0.0.0-20260227112350-bf468eec914d/go.mod h1:RBhSUDAKWq7fswtV4nQUQhuaTLcX3ettR7teA7/yf2w=
github.com/sagernet/cronet-go/lib/linux_mipsle_musl v0.0.0-20260227112350-bf468eec914d h1:9Tp7s/WX4DZLx4ues8G38G2OV7eQbeuU2COEZEbGcF0=
github.com/sagernet/cronet-go/lib/linux_mipsle_musl v0.0.0-20260227112350-bf468eec914d/go.mod h1:wRzoIOGG4xbpp3Gh3triLKwMwYriScXzFtunLYhY4w0=
github.com/sagernet/cronet-go/lib/linux_riscv64 v0.0.0-20260227112350-bf468eec914d h1:T9EVZKTyZHOamwevomUZnJ6TQNc09I/BwK+L5HJCJj8=
github.com/sagernet/cronet-go/lib/linux_riscv64 v0.0.0-20260227112350-bf468eec914d/go.mod h1:LNiZXmWil1OPwKCheqQjtakZlJuKGFz+iv2eGF76Hhs=
github.com/sagernet/cronet-go/lib/linux_riscv64_musl v0.0.0-20260227112350-bf468eec914d h1:FZmThI7xScJRPERFiA4L2l9KCwA0oi8/lEOajIKEtUQ=
github.com/sagernet/cronet-go/lib/linux_riscv64_musl v0.0.0-20260227112350-bf468eec914d/go.mod h1:YFDGKTkpkJGc5+hnX/RYosZyTWg9h+68VB55fYRRLYc=
github.com/sagernet/cronet-go/lib/tvos_amd64_simulator v0.0.0-20260227112350-bf468eec914d h1:BCC/b8bL0dD9Q4ghgKABV/EsMe0J8GE/l7hcRdPkUXQ=
github.com/sagernet/cronet-go/lib/tvos_amd64_simulator v0.0.0-20260227112350-bf468eec914d/go.mod h1:aaX0YGl8nhGmfRWI8bc3BtDjY8Vzx6O0cS/e1uqxDq4=
github.com/sagernet/cronet-go/lib/tvos_arm64 v0.0.0-20260227112350-bf468eec914d h1:3l463BXnC/X42ow2zqHm9Y/K4GM6aRsKUIZBcFxr2+Q=
github.com/sagernet/cronet-go/lib/tvos_arm64 v0.0.0-20260227112350-bf468eec914d/go.mod h1:EdzMKA96xITc42QEI+ct4SwqX8Dn3ltKK8wzdkLWpSc=
github.com/sagernet/cronet-go/lib/tvos_arm64_simulator v0.0.0-20260227112350-bf468eec914d h1:+XHEZ/z5NgPfjOAzOwfbQzR+42qaDNB0nv+fAOcd6Pc=
github.com/sagernet/cronet-go/lib/tvos_arm64_simulator v0.0.0-20260227112350-bf468eec914d/go.mod h1:qix4kv1TTAJ5tY4lJ9vjhe9EY4mM+B7H5giOhbxDVcc=
github.com/sagernet/cronet-go/lib/windows_amd64 v0.0.0-20260227112350-bf468eec914d h1:sYWbP+qCt9Rhb1yGaIRY7HVLtaQZmrHWR0obc5+Q1qc=
github.com/sagernet/cronet-go/lib/windows_amd64 v0.0.0-20260227112350-bf468eec914d/go.mod h1:lm9w/oCCRyBiUa3G8lDQTT8x/ONUvgVR2iV9fVzUZB8=
github.com/sagernet/cronet-go/lib/windows_arm64 v0.0.0-20260227112350-bf468eec914d h1:r6eOVlAfmcUMD5nfz+mPd/aORevUKhcvxA1z1GdPnG8=
github.com/sagernet/cronet-go/lib/windows_arm64 v0.0.0-20260227112350-bf468eec914d/go.mod h1:n34YyLgapgjWdKa0IoeczjAFCwD3/dxbsH5sucKw0bw=
github.com/sagernet/sing v0.7.13 h1:XNYgd8e3cxMULs/LLJspdn/deHrnPWyrrglNHeCUAYM=
github.com/sagernet/sing v0.7.13/go.mod h1:ARkL0gM13/Iv5VCZmci/NuoOlePoIsW0m7BWfln/Hak=
github.com/stretchr/testify v1.9.0 h1:HtqpIVDClZ4nwg75+f6Lvsy/wHu+3BoSGCbBAcpTsTg=
github.com/yuin/goldmark v1.3.5/go.mod h1:mwnBkeHKe2W/ZEtQ+71ViKU8L12m81fl3OWwC1Zlc8k=
golang.org/x/crypto v0.0.0-20190308221718-c2843e01d9a2/go.mod h1:djNgcEr1/C05ACkg1iLfiJU5Ep61QUkGW8qpdssI0+w=
golang.org/x/crypto v0.0.0-20191011191535-87dc89f01550/go.mod h1:yigFU9vqHzYiE8UmvKecakEJjdnWj3jj499lnFckfCI=
golang.org/x/mod v0.4.2 h1:Gz96sIWK3OalVv/I/qNygP42zyoKp3xptRVCWRFEBvo=
golang.org/x/mod v0.4.2/go.mod h1:s0Qsj1ACt9ePp/hMypM3fl4fZqREWJwdYDEqhRiZZUA=
golang.org/x/net v0.0.0-20190404232315-eb5bcb51f2a3/go.mod h1:t9HGtf8HONx5eT2rtn7q6eTqICYqUVnKs3thJo3Qplg=
golang.org/x/net v0.0.0-20190620200207-3b0461eec859/go.mod h1:z5CRVTTTmAJ677TzLLGU+0bjPO0LkuOLi4/5GtJWs/s=
golang.org/x/net v0.0.0-20210405180319-a5a99cb37ef4/go.mod h1:p54w0d4576C0XHj96bSt6lcn1PtDYWL6XObtHCRCNQM=
golang.org/x/net v0.0.0-20210726213435-c6fcb2dbf985/go.mod h1:9nx3DQGgdP8bBQD5qxJ1jj9UTztislL4KSBs9R2vV5Y=
golang.org/x/net v0.35.0 h1:T5GQRQb2y08kTAByq9L4/bz8cipCdA8FbRTXewonqY8=
golang.org/x/net v0.35.0/go.mod h1:EglIi67kWsHKlRzzVMUD93VMSWGFOMSZgxFjparz1Qk=
golang.org/x/sync v0.0.0-20190423024810-112230192c58/go.mod h1:RxMgew5VJxzue5/jJTE5uejpjVlOe/izrB70Jof72aM=
golang.org/x/sync v0.0.0-20210220032951-036812b2e83c h1:5KslGYwFpkhGh+Q16bwMP3cOontH8FOep7tGV86Y7SQ=
golang.org/x/sync v0.0.0-20210220032951-036812b2e83c/go.mod h1:RxMgew5VJxzue5/jJTE5uejpjVlOe/izrB70Jof72aM=
golang.org/x/sys v0.0.0-20190215142949-d0b11bdaac8a/go.mod h1:STP8DvDyc/dI5b8T5hshtkjS+E42TnysNCUPdjciGhY=
golang.org/x/sys v0.0.0-20190412213103-97732733099d/go.mod h1:h1NjWce9XRLGQEsW7wpKNCjG9DtNlClVuFLEZdDNbEs=
golang.org/x/sys v0.0.0-20201119102817-f84b799fce68/go.mod h1:h1NjWce9XRLGQEsW7wpKNCjG9DtNlClVuFLEZdDNbEs=
golang.org/x/sys v0.0.0-20210330210617-4fbd30eecc44/go.mod h1:h1NjWce9XRLGQEsW7wpKNCjG9DtNlClVuFLEZdDNbEs=
golang.org/x/sys v0.0.0-20210423082822-04245dca01da/go.mod h1:h1NjWce9XRLGQEsW7wpKNCjG9DtNlClVuFLEZdDNbEs=
golang.org/x/sys v0.0.0-20210510120138-977fb7262007/go.mod h1:oPkhp1MJrh7nUepCBck5+mAzfO9JrbApNNgaTdGDITg=
golang.org/x/sys v0.0.0-20210630005230-0f9fa26af87c/go.mod h1:oPkhp1MJrh7nUepCBck5+mAzfO9JrbApNNgaTdGDITg=
golang.org/x/sys v0.30.0 h1:QjkSwP/36a20jFYWkSue1YwXzLmsV5Gfq7Eiy72C1uc=
golang.org/x/sys v0.30.0/go.mod h1:/VUhepiaJMQUp4+oa/7Zr1D23ma6VTLIYjOOTFZPUcA=
golang.org/x/term v0.0.0-20201126162022-7de9c90e9dd1/go.mod h1:bj7SfCRtBDWHUb9snDiAeCFNEtKQo2Wmx5Cou7ajbmo=
golang.org/x/text v0.3.0/go.mod h1:NqM8EUOU14njkJ3fqMW+pc6Ldnwhi/IjpwHt7yyuwOQ=
golang.org/x/text v0.3.3/go.mod h1:5Zoc/QRtKVWzQhOtBMvqHzDpF6irO9z98xDceosuGiQ=
golang.org/x/text v0.3.6/go.mod h1:5Zoc/QRtKVWzQhOtBMvqHzDpF6irO9z98xDceosuGiQ=
golang.org/x/tools v0.0.0-20180917221912-90fa682c2a6e/go.mod h1:n7NCudcB/nEzxVGmLbDWY5pfWTLqBcC2KZ6jyYvM4mQ=
golang.org/x/tools v0.0.0-20191119224855-298f0cb1881e/go.mod h1:b+2E5dAYhXwXZwtnZ6UAqBI28+e2cm9otk0dWdXHAEo=
golang.org/x/tools v0.1.6-0.20210726203631-07bc1bf47fb2 h1:BonxutuHCTL0rBDnZlKjpGIQFTjyUVTexFOdWkB6Fg0=
golang.org/x/tools v0.1.6-0.20210726203631-07bc1bf47fb2/go.mod h1:o0xws9oXOQQZyjljx8fwUC0k7L1pTE6eaCbjGeHmOkk=
golang.org/x/xerrors v0.0.0-20190717185122-a985d3407aa7/go.mod h1:I/5z698sn9Ka8TeJc9MKroUUfqBBauWjQqLJ2OPfmY0=
golang.org/x/xerrors v0.0.0-20191011141410-1b5146add898/go.mod h1:I/5z698sn9Ka8TeJc9MKroUUfqBBauWjQqLJ2OPfmY0=
golang.org/x/xerrors v0.0.0-20200804184101-5ec99f83aff1 h1:go1bK/D/BFZV2I8cIQd1NKEZ+0owSTG1fDTci4IqFcE=
golang.org/x/xerrors v0.0.0-20200804184101-5ec99f83aff1/go.mod h1:I/5z698sn9Ka8TeJc9MKroUUfqBBauWjQqLJ2OPfmY0=
gopkg.in/yaml.v3 v3.0.1 h1:fxVm/GzAzEWqLHuvctI91KS9hhNmmWOoWu0XTYJS7CA=
